
Microsoft Visual Studio Solution File, Format Version 12.00
# Visual Studio Version 17
VisualStudioVersion = 17.2.32630.192
MinimumVisualStudioVersion = 10.0.40219.1
Project("{FAE04EC0-301F-11D3-BF4B-00C04F79EFBC}") = "JWTWebAPILearning", "JWTWebAPILearning\JWTWebAPILearning.csproj", "{14855981-D110-4BAB-A7A7-E7B29651E1AE}"
EndProject
Global
	GlobalSection(SolutionConfigurationPlatforms) = preSolution
		Debug|Any CPU = Debug|Any CPU
		Release|Any CPU = Release|Any CPU
	EndGlobalSection
	GlobalSection(ProjectConfigurationPlatforms) = postSolution
		{14855981-D110-4BAB-A7A7-E7B29651E1AE}.Debug|Any CPU.ActiveCfg = Debug|Any CPU
		{14855981-D110-4BAB-A7A7-E7B29651E1AE}.Debug|Any CPU.Build.0 = Debug|Any CPU
		{14855981-D110-4BAB-A7A7-E7B29651E1AE}.Release|Any CPU.ActiveCfg = Release|Any CPU
		{14855981-D110-4BAB-A7A7-E7B29651E1AE}.Release|Any CPU.Build.0 = Release|Any CPU
	EndGlobalSection
	GlobalSection(SolutionProperties) = preSolution
		HideSolutionNode = FALSE
	EndGlobalSection
	GlobalSection(ExtensibilityGlobals) = postSolution
		SolutionGuid = {DF41630C-FBF9-46D2-9A06-C763EBC1B3B8}
	EndGlobalSection
EndGlobal
